
Microsoft Visual Studio Solution File, Format Version 12.00
# Visual Studio Version 17
VisualStudioVersion = 17.4.33205.214
MinimumVisualStudioVersion = 10.0.40219.1
Project("{9A19103F-16F7-4668-BE54-9A1E7A4F7556}") = "Case1", "..\Case1\Case1.csproj", "{428F80A9-57EE-4783-8B5D-74F1DE694D0B}"
EndProject
Project("{FAE04EC0-301F-11D3-BF4B-00C04F79EFBC}") = "Anotations", "..\Anotations\Anotations.csproj", "{416F72EC-038E-4195-A593-27016006C11D}"
EndProject
Project("{FAE04EC0-301F-11D3-BF4B-00C04F79EFBC}") = "Tests", "Tests\Tests.csproj", "{7914614C-F990-4BF0-83DB-358270781198}"
EndProject
Global
	GlobalSection(SolutionConfigurationPlatforms) = preSolution
		Debug|Any CPU = Debug|Any CPU
		Release|Any CPU = Release|Any CPU
	EndGlobalSection
	GlobalSection(ProjectConfigurationPlatforms) = postSolution
		{428F80A9-57EE-4783-8B5D-74F1DE694D0B}.Debug|Any CPU.ActiveCfg = Debug|Any CPU
		{428F80A9-57EE-4783-8B5D-74F1DE694D0B}.Debug|Any CPU.Build.0 = Debug|Any CPU
		{428F80A9-57EE-4783-8B5D-74F1DE694D0B}.Release|Any CPU.ActiveCfg = Release|Any CPU
		{428F80A9-57EE-4783-8B5D-74F1DE694D0B}.Release|Any CPU.Build.0 = Release|Any CPU
		{416F72EC-038E-4195-A593-27016006C11D}.Debug|Any CPU.ActiveCfg = Debug|Any CPU
		{416F72EC-038E-4195-A593-27016006C11D}.Debug|Any CPU.Build.0 = Debug|Any CPU
		{416F72EC-038E-4195-A593-27016006C11D}.Release|Any CPU.ActiveCfg = Release|Any CPU
		{416F72EC-038E-4195-A593-27016006C11D}.Release|Any CPU.Build.0 = Release|Any CPU
		{7914614C-F990-4BF0-83DB-358270781198}.Debug|Any CPU.ActiveCfg = Debug|Any CPU
		{7914614C-F990-4BF0-83DB-358270781198}.Debug|Any CPU.Build.0 = Debug|Any CPU
		{7914614C-F990-4BF0-83DB-358270781198}.Release|Any CPU.ActiveCfg = Release|Any CPU
		{7914614C-F990-4BF0-83DB-358270781198}.Release|Any CPU.Build.0 = Release|Any CPU
	EndGlobalSection
	GlobalSection(SolutionProperties) = preSolution
		HideSolutionNode = FALSE
	EndGlobalSection
	GlobalSection(ExtensibilityGlobals) = postSolution
		SolutionGuid = {D26A094A-4316-4C06-A23C-52D7CC4A81F3}
	EndGlobalSection
EndGlobal
